PODS:
  - Flutter (1.0.0)
  - integration_test (0.0.1):
    - Flutter
  - simple_passkey (0.0.1):
    - Flutter

DEPENDENCIES:
  - Flutter (from `Flutter`)
  - integration_test (from `.symlinks/plugins/integration_test/ios`)
  - simple_passkey (from `.symlinks/plugins/simple_passkey/ios`)

EXTERNAL SOURCES:
  Flutter:
    :path: Flutter
  integration_test:
    :path: ".symlinks/plugins/integration_test/ios"
  simple_passkey:
    :path: ".symlinks/plugins/simple_passkey/ios"

SPEC CHECKSUMS:
  Flutter: f04841e97a9d0b0a8025694d0796dd46242b2854
  integration_test: 13825b8a9334a850581300559b8839134b124670
  simple_passkey: 4526267d73d254a7410b191935dcd688b7c61f4b

PODFILE CHECKSUM: 70d9d25280d0dd177a5f637cdb0f0b0b12c6a189

COCOAPODS: 1.11.2
